
Microsoft Visual Studio Solution File, Format Version 12.00
# Visual Studio Version 16
VisualStudioVersion = 16.0.32106.194
MinimumVisualStudioVersion = 10.0.40219.1
Project("{9A19103F-16F7-4668-BE54-9A1E7A4F7556}") = "HomeWork", "HomeWork\HomeWork.csproj", "{9FAB39B9-A7A1-481B-A68E-006DF82632CF}"
EndProject
Project("{9A19103F-16F7-4668-BE54-9A1E7A4F7556}") = "Polymorphysym", "Polymorphysym\Polymorphysym.csproj", "{42441652-0BE7-4558-9858-A2E044EF8469}"
EndProject
Project("{FAE04EC0-301F-11D3-BF4B-00C04F79EFBC}") = "P133Library", "P133Library\P133Library.csproj", "{849EB523-14EA-4252-9512-ADEF204AD30F}"
EndProject
Global
	GlobalSection(SolutionConfigurationPlatforms) = preSolution
		Debug|Any CPU = Debug|Any CPU
		Release|Any CPU = Release|Any CPU
	EndGlobalSection
	GlobalSection(ProjectConfigurationPlatforms) = postSolution
		{9FAB39B9-A7A1-481B-A68E-006DF82632CF}.Debug|Any CPU.ActiveCfg = Debug|Any CPU
		{9FAB39B9-A7A1-481B-A68E-006DF82632CF}.Debug|Any CPU.Build.0 = Debug|Any CPU
		{9FAB39B9-A7A1-481B-A68E-006DF82632CF}.Release|Any CPU.ActiveCfg = Release|Any CPU
		{9FAB39B9-A7A1-481B-A68E-006DF82632CF}.Release|Any CPU.Build.0 = Release|Any CPU
		{42441652-0BE7-4558-9858-A2E044EF8469}.Debug|Any CPU.ActiveCfg = Debug|Any CPU
		{42441652-0BE7-4558-9858-A2E044EF8469}.Debug|Any CPU.Build.0 = Debug|Any CPU
		{42441652-0BE7-4558-9858-A2E044EF8469}.Release|Any CPU.ActiveCfg = Release|Any CPU
		{42441652-0BE7-4558-9858-A2E044EF8469}.Release|Any CPU.Build.0 = Release|Any CPU
		{849EB523-14EA-4252-9512-ADEF204AD30F}.Debug|Any CPU.ActiveCfg = Debug|Any CPU
		{849EB523-14EA-4252-9512-ADEF204AD30F}.Debug|Any CPU.Build.0 = Debug|Any CPU
		{849EB523-14EA-4252-9512-ADEF204AD30F}.Release|Any CPU.ActiveCfg = Release|Any CPU
		{849EB523-14EA-4252-9512-ADEF204AD30F}.Release|Any CPU.Build.0 = Release|Any CPU
	EndGlobalSection
	GlobalSection(SolutionProperties) = preSolution
		HideSolutionNode = FALSE
	EndGlobalSection
	GlobalSection(ExtensibilityGlobals) = postSolution
		SolutionGuid = {4411A726-40E0-40D5-81BC-6DE879CA5AFC}
	EndGlobalSection
EndGlobal
